Microsoft Visual Studio Solution File, Format Version 12.00
# Visual Studio Version 17
VisualStudioVersion = 17.3.32922.545
MinimumVisualStudioVersion = 10.0.40219.1
Project("{9A19103F-16F7-4668-BE54-9A1E7A4F7556}") = "BodyModTraits", "BodyModTraits\BodyModTraits.csproj", "{2BEBDD43-47B3-426F-B367-2BCB0C5C886C}"
EndProject
Global
	GlobalSection(SolutionConfigurationPlatforms) = preSolution
		Debug|Any CPU = Debug|Any CPU
		Release|Any CPU = Release|Any CPU
	EndGlobalSection
	GlobalSection(ProjectConfigurationPlatforms) = postSolution
		{2BEBDD43-47B3-426F-B367-2BCB0C5C886C}.Debug|Any CPU.ActiveCfg = Debug|Any CPU
		{2BEBDD43-47B3-426F-B367-2BCB0C5C886C}.Debug|Any CPU.Build.0 = Debug|Any CPU
		{2BEBDD43-47B3-426F-B367-2BCB0C5C886C}.Release|Any CPU.ActiveCfg = Release|Any CPU
		{2BEBDD43-47B3-426F-B367-2BCB0C5C886C}.Release|Any CPU.Build.0 = Release|Any CPU
	EndGlobalSection
	GlobalSection(SolutionProperties) = preSolution
		HideSolutionNode = FALSE
	EndGlobalSection
	GlobalSection(ExtensibilityGlobals) = postSolution
		SolutionGuid = {128fbb28-2022-4e6d-87b3-093c20822786}
	EndGlobalSection
EndGlobal
